
Microsoft Visual Studio Solution File, Format Version 12.00
# Visual Studio 15
VisualStudioVersion = 15.0.27428.2037
MinimumVisualStudioVersion = 10.0.40219.1
Project("{FAE04EC0-301F-11D3-BF4B-00C04F79EFBC}") = "FinalConsoleApp", "FinalConsoleApp\FinalConsoleApp.csproj", "{8094329C-55B7-4ED6-B4F0-82A4DC19034E}"
EndProject
Global
	GlobalSection(SolutionConfigurationPlatforms) = preSolution
		Debug|Any CPU = Debug|Any CPU
		Release|Any CPU = Release|Any CPU
	EndGlobalSection
	GlobalSection(ProjectConfigurationPlatforms) = postSolution
		{8094329C-55B7-4ED6-B4F0-82A4DC19034E}.Debug|Any CPU.ActiveCfg = Debug|Any CPU
		{8094329C-55B7-4ED6-B4F0-82A4DC19034E}.Debug|Any CPU.Build.0 = Debug|Any CPU
		{8094329C-55B7-4ED6-B4F0-82A4DC19034E}.Release|Any CPU.ActiveCfg = Release|Any CPU
		{8094329C-55B7-4ED6-B4F0-82A4DC19034E}.Release|Any CPU.Build.0 = Release|Any CPU
	EndGlobalSection
	GlobalSection(SolutionProperties) = preSolution
		HideSolutionNode = FALSE
	EndGlobalSection
	GlobalSection(ExtensibilityGlobals) = postSolution
		SolutionGuid = {3618BE05-02BA-4B58-81FD-1EBC2A65C5CE}
	EndGlobalSection
EndGlobal
